
Microsoft Visual Studio Solution File, Format Version 12.00
# Visual Studio Version 17
VisualStudioVersion = 17.14.36301.6 d17.14
MinimumVisualStudioVersion = 10.0.40219.1
Project("{FAE04EC0-301F-11D3-BF4B-00C04F79EFBC}") = "WeatherApp", "WeatherApp.csproj", "{79AA0720-FED3-4453-B584-EAF966C2A931}"
EndProject
Global
	GlobalSection(SolutionConfigurationPlatforms) = preSolution
		Debug|Any CPU = Debug|Any CPU
		Release|Any CPU = Release|Any CPU
	EndGlobalSection
	GlobalSection(ProjectConfigurationPlatforms) = postSolution
		{79AA0720-FED3-4453-B584-EAF966C2A931}.Debug|Any CPU.ActiveCfg = Debug|Any CPU
		{79AA0720-FED3-4453-B584-EAF966C2A931}.Debug|Any CPU.Build.0 = Debug|Any CPU
		{79AA0720-FED3-4453-B584-EAF966C2A931}.Release|Any CPU.ActiveCfg = Release|Any CPU
		{79AA0720-FED3-4453-B584-EAF966C2A931}.Release|Any CPU.Build.0 = Release|Any CPU
	EndGlobalSection
	GlobalSection(SolutionProperties) = preSolution
		HideSolutionNode = FALSE
	EndGlobalSection
	GlobalSection(ExtensibilityGlobals) = postSolution
		SolutionGuid = {3AC86763-3662-4C4D-9536-49D8DC8D8AED}
	EndGlobalSection
EndGlobal
